// !$*UTF8*$!
{
	archiveVersion = 1;
	classes = {
	};
	objectVersion = 46;
	objects = {

/* Begin PBXBuildFile section */
		E4DB10171BFA3E1D001BF748 /* main.m in Sources */ = {isa = PBXBuildFile; fileRef = E4DB10161BFA3E1D001BF748 /* main.m */; };
		E4DB101A1BFA3E1D001BF748 /* AppDelegate.m in Sources */ = {isa = PBXBuildFile; fileRef = E4DB10191BFA3E1D001BF748 /* AppDelegate.m */; };
		E4DB101D1BFA3E1D001BF748 /* ViewController.m in Sources */ = {isa = PBXBuildFile; fileRef = E4DB101C1BFA3E1D001BF748 /* ViewController.m */; };
		E4DB10201BFA3E1D001BF748 /* Main.storyboard in Resources */ = {isa = PBXBuildFile; fileRef = E4DB101E1BFA3E1D001BF748 /* Main.storyboard */; };
		E4DB10221BFA3E1D001BF748 /* Assets.xcassets in Resources */ = {isa = PBXBuildFile; fileRef = E4DB10211BFA3E1D001BF748 /* Assets.xcassets */; };
		E4DB10251BFA3E1D001BF748 /* LaunchScreen.storyboard in Resources */ = {isa = PBXBuildFile; fileRef = E4DB10231BFA3E1D001BF748 /* LaunchScreen.storyboard */; };
		E4DB10301BFA3E1D001BF748 /* test22222Tests.m in Sources */ = {isa = PBXBuildFile; fileRef = E4DB102F1BFA3E1D001BF748 /* test22222Tests.m */; };
		E4DB103B1BFA3E1D001BF748 /* test22222UITests.m in Sources */ = {isa = PBXBuildFile; fileRef = E4DB103A1BFA3E1D001BF748 /* test22222UITests.m */; };
/* End PBXBuildFile section */

/* Begin PBXContainerItemProxy section */
		E4DB102C1BFA3E1D001BF748 /* PBXContainerItemProxy */ = {
			isa = PBXContainerItemProxy;
			containerPortal = E4DB100A1BFA3E1D001BF748 /* Project object */;
			proxyType = 1;
			remoteGlobalIDString = E4DB10111BFA3E1D001BF748;
			remoteInfo = test22222;
		};
		E4DB10371BFA3E1D001BF748 /* PBXContainerItemProxy */ = {
			isa = PBXContainerItemProxy;
			containerPortal = E4DB100A1BFA3E1D001BF748 /* Project object */;
			proxyType = 1;
			remoteGlobalIDString = E4DB10111BFA3E1D001BF748;
			remoteInfo = test22222;
		};
/* End PBXContainerItemProxy section */

/* Begin PBXFileReference section */
		E4DB10121BFA3E1D001BF748 /* test22222.app */ = {isa = PBXFileReference; explicitFileType = wrapper.application; includeInIndex = 0; path = test22222.app; sourceTree = BUILT_PRODUCTS_DIR; };
		E4DB10161BFA3E1D001BF748 /* main.m */ = {isa = PBXFileReference; lastKnownFileType = sourcecode.c.objc; path = main.m; sourceTree = "<group>"; };
		E4DB10181BFA3E1D001BF748 /* AppDelegate.h */ = {isa = PBXFileReference; lastKnownFileType = sourcecode.c.h; path = AppDelegate.h; sourceTree = "<group>"; };
		E4DB10191BFA3E1D001BF748 /* AppDelegate.m */ = {isa = PBXFileReference; lastKnownFileType = sourcecode.c.objc; path = AppDelegate.m; sourceTree = "<group>"; };
		E4DB101B1BFA3E1D001BF748 /* ViewController.h */ = {isa = PBXFileReference; lastKnownFileType = sourcecode.c.h; path = ViewController.h; sourceTree = "<group>"; };
		E4DB101C1BFA3E1D001BF748 /* ViewController.m */ = {isa = PBXFileReference; lastKnownFileType = sourcecode.c.objc; path = ViewController.m; sourceTree = "<group>"; };
		E4DB101F1BFA3E1D001BF748 /* Base */ = {isa = PBXFileReference; lastKnownFileType = file.storyboard; name = Base; path = Base.lproj/Main.storyboard; sourceTree = "<group>"; };
		E4DB10211BFA3E1D001BF748 /* Assets.xcassets */ = {isa = PBXFileReference; lastKnownFileType = folder.assetcatalog; path = Assets.xcassets; sourceTree = "<group>"; };
		E4DB10241BFA3E1D001BF748 /* Base */ = {isa = PBXFileReference; lastKnownFileType = file.storyboard; name = Base; path = Base.lproj/LaunchScreen.storyboard; sourceTree = "<group>"; };
		E4DB10261BFA3E1D001BF748 /* Info.plist */ = {isa = PBXFileReference; lastKnownFileType = text.plist.xml; path = Info.plist; sourceTree = "<group>"; };
		E4DB102B1BFA3E1D001BF748 /* test22222Tests.xctest */ = {isa = PBXFileReference; explicitFileType = wrapper.cfbundle; includeInIndex = 0; path = test22222Tests.xctest; sourceTree = BUILT_PRODUCTS_DIR; };
		E4DB102F1BFA3E1D001BF748 /* test22222Tests.m */ = {isa = PBXFileReference; lastKnownFileType = sourcecode.c.objc; path = test22222Tests.m; sourceTree = "<group>"; };
		E4DB10311BFA3E1D001BF748 /* Info.plist */ = {isa = PBXFileReference; lastKnownFileType = text.plist.xml; path = Info.plist; sourceTree = "<group>"; };
		E4DB10361BFA3E1D001BF748 /* test22222UITests.xctest */ = {isa = PBXFileReference; explicitFileType = wrapper.cfbundle; includeInIndex = 0; path = test22222UITests.xctest; sourceTree = BUILT_PRODUCTS_DIR; };
		E4DB103A1BFA3E1D001BF748 /* test22222UITests.m */ = {isa = PBXFileReference; lastKnownFileType = sourcecode.c.objc; path = test22222UITests.m; sourceTree = "<group>"; };
		E4DB103C1BFA3E1D001BF748 /* Info.plist */ = {isa = PBXFileReference; lastKnownFileType = text.plist.xml; path = Info.plist; sourceTree = "<group>"; };
/* End PBXFileReference section */

/* Begin PBXFrameworksBuildPhase section */
		E4DB100F1BFA3E1D001BF748 /* Frameworks */ = {
			isa = PBXFrameworksBuildPhase;
			buildActionMask = 2147483647;
			files = (
			);
			runOnlyForDeploymentPostprocessing = 0;
		};
		E4DB10281BFA3E1D001BF748 /* Frameworks */ = {
			isa = PBXFrameworksBuildPhase;
			buildActionMask = 2147483647;
			files = (
			);
			runOnlyForDeploymentPostprocessing = 0;
		};
		E4DB10331BFA3E1D001BF748 /* Frameworks */ = {
			isa = PBXFrameworksBuildPhase;
			buildActionMask = 2147483647;
			files = (
			);
			runOnlyForDeploymentPostprocessing = 0;
		};
/* End PBXFrameworksBuildPhase section */

/* Begin PBXGroup section */
		E4DB10091BFA3E1D001BF748 = {
			isa = PBXGroup;
			children = (
				E4DB10141BFA3E1D001BF748 /* test22222 */,
				E4DB102E1BFA3E1D001BF748 /* test22222Tests */,
				E4DB10391BFA3E1D001BF748 /* test22222UITests */,
				E4DB10131BFA3E1D001BF748 /* Products */,
			);
			sourceTree = "<group>";
		};
		E4DB10131BFA3E1D001BF748 /* Products */ = {
			isa = PBXGroup;
			children = (
				E4DB10121BFA3E1D001BF748 /* test22222.app */,
				E4DB102B1BFA3E1D001BF748 /* test22222Tests.xctest */,
				E4DB10361BFA3E1D001BF748 /* test22222UITests.xctest */,
			);
			name = Products;
			sourceTree = "<group>";
		};
		E4DB10141BFA3E1D001BF748 /* test22222 */ = {
			isa = PBXGroup;
			children = (
				E4DB10181BFA3E1D001BF748 /* AppDelegate.h */,
				E4DB10191BFA3E1D001BF748 /* AppDelegate.m */,
				E4DB101B1BFA3E1D001BF748 /* ViewController.h */,
				E4DB101C1BFA3E1D001BF748 /* ViewController.m */,
				E4DB101E1BFA3E1D001BF748 /* Main.storyboard */,
				E4DB10211BFA3E1D001BF748 /* Assets.xcassets */,
				E4DB10231BFA3E1D001BF748 /* LaunchScreen.storyboard */,
				E4DB10261BFA3E1D001BF748 /* Info.plist */,
				E4DB10151BFA3E1D001BF748 /* Supporting Files */,
			);
			path = test22222;
			sourceTree = "<group>";
		};
		E4DB10151BFA3E1D001BF748 /* Supporting Files */ = {
			isa = PBXGroup;
			children = (
				E4DB10161BFA3E1D001BF748 /* main.m */,
			);
			name = "Supporting Files";
			sourceTree = "<group>";
		};
		E4DB102E1BFA3E1D001BF748 /* test22222Tests */ = {
			isa = PBXGroup;
			children = (
				E4DB102F1BFA3E1D001BF748 /* test22222Tests.m */,
				E4DB10311BFA3E1D001BF748 /* Info.plist */,
			);
			path = test22222Tests;
			sourceTree = "<group>";
		};
		E4DB10391BFA3E1D001BF748 /* test22222UITests */ = {
			isa = PBXGroup;
			children = (
				E4DB103A1BFA3E1D001BF748 /* test22222UITests.m */,
				E4DB103C1BFA3E1D001BF748 /* Info.plist */,
			);
			path = test22222UITests;
			sourceTree = "<group>";
		};
/* End PBXGroup section */

/* Begin PBXNativeTarget section */
		E4DB10111BFA3E1D001BF748 /* test22222 */ = {
			isa = PBXNativeTarget;
			buildConfigurationList = E4DB103F1BFA3E1D001BF748 /* Build configuration list for PBXNativeTarget "test22222" */;
			buildPhases = (
				E4DB100E1BFA3E1D001BF748 /* Sources */,
				E4DB100F1BFA3E1D001BF748 /* Frameworks */,
				E4DB10101BFA3E1D001BF748 /* Resources */,
			);
			buildRules = (
			);
			dependencies = (
			);
			name = test22222;
			productName = test22222;
			productReference = E4DB10121BFA3E1D001BF748 /* test22222.app */;
			productType = "com.apple.product-type.application";
		};
		E4DB102A1BFA3E1D001BF748 /* test22222Tests */ = {
			isa = PBXNativeTarget;
			buildConfigurationList = E4DB10421BFA3E1D001BF748 /* Build configuration list for PBXNativeTarget "test22222Tests" */;
			buildPhases = (
				E4DB10271BFA3E1D001BF748 /* Sources */,
				E4DB10281BFA3E1D001BF748 /* Frameworks */,
				E4DB10291BFA3E1D001BF748 /* Resources */,
			);
			buildRules = (
			);
			dependencies = (
				E4DB102D1BFA3E1D001BF748 /* PBXTargetDependency */,
			);
			name = test22222Tests;
			productName = test22222Tests;
			productReference = E4DB102B1BFA3E1D001BF748 /* test22222Tests.xctest */;
			productType = "com.apple.product-type.bundle.unit-test";
		};
		E4DB10351BFA3E1D001BF748 /* test22222UITests */ = {
			isa = PBXNativeTarget;
			buildConfigurationList = E4DB10451BFA3E1D001BF748 /* Build configuration list for PBXNativeTarget "test22222UITests" */;
			buildPhases = (
				E4DB10321BFA3E1D001BF748 /* Sources */,
				E4DB10331BFA3E1D001BF748 /* Frameworks */,
				E4DB10341BFA3E1D001BF748 /* Resources */,
			);
			buildRules = (
			);
			dependencies = (
				E4DB10381BFA3E1D001BF748 /* PBXTargetDependency */,
			);
			name = test22222UITests;
			productName = test22222UITests;
			productReference = E4DB10361BFA3E1D001BF748 /* test22222UITests.xctest */;
			productType = "com.apple.product-type.bundle.ui-testing";
		};
/* End PBXNativeTarget section */

/* Begin PBXProject section */
		E4DB100A1BFA3E1D001BF748 /* Project object */ = {
			isa = PBXProject;
			attributes = {
				LastUpgradeCheck = 0710;
				ORGANIZATIONNAME = yons;
				TargetAttributes = {
					E4DB10111BFA3E1D001BF748 = {
						CreatedOnToolsVersion = 7.1.1;
					};
					E4DB102A1BFA3E1D001BF748 = {
						CreatedOnToolsVersion = 7.1.1;
						TestTargetID = E4DB10111BFA3E1D001BF748;
					};
					E4DB10351BFA3E1D001BF748 = {
						CreatedOnToolsVersion = 7.1.1;
						TestTargetID = E4DB10111BFA3E1D001BF748;
					};
				};
			};
			buildConfigurationList = E4DB100D1BFA3E1D001BF748 /* Build configuration list for PBXProject "test22222" */;
			compatibilityVersion = "Xcode 3.2";
			developmentRegion = English;
			hasScannedForEncodings = 0;
			knownRegions = (
				en,
				Base,
			);
			mainGroup = E4DB10091BFA3E1D001BF748;
			productRefGroup = E4DB10131BFA3E1D001BF748 /* Products */;
			projectDirPath = "";
			projectRoot = "";
			targets = (
				E4DB10111BFA3E1D001BF748 /* test22222 */,
				E4DB102A1BFA3E1D001BF748 /* test22222Tests */,
				E4DB10351BFA3E1D001BF748 /* test22222UITests */,
			);
		};
/* End PBXProject section */

/* Begin PBXResourcesBuildPhase section */
		E4DB10101BFA3E1D001BF748 /* Resources */ = {
			isa = PBXResourcesBuildPhase;
			buildActionMask = 2147483647;
			files = (
				E4DB10251BFA3E1D001BF748 /* LaunchScreen.storyboard in Resources */,
				E4DB10221BFA3E1D001BF748 /* Assets.xcassets in Resources */,
				E4DB10201BFA3E1D001BF748 /* Main.storyboard in Resources */,
			);
			runOnlyForDeploymentPostprocessing = 0;
		};
		E4DB10291BFA3E1D001BF748 /* Resources */ = {
			isa = PBXResourcesBuildPhase;
			buildActionMask = 2147483647;
			files = (
			);
			runOnlyForDeploymentPostprocessing = 0;
		};
		E4DB10341BFA3E1D001BF748 /* Resources */ = {
			isa = PBXResourcesBuildPhase;
			buildActionMask = 2147483647;
			files = (
			);
			runOnlyForDeploymentPostprocessing = 0;
		};
/* End PBXResourcesBuildPhase section */

/* Begin PBXSourcesBuildPhase section */
		E4DB100E1BFA3E1D001BF748 /* Sources */ = {
			isa = PBXSourcesBuildPhase;
			buildActionMask = 2147483647;
			files = (
				E4DB101D1BFA3E1D001BF748 /* ViewController.m in Sources */,
				E4DB101A1BFA3E1D001BF748 /* AppDelegate.m in Sources */,
				E4DB10171BFA3E1D001BF748 /* main.m in Sources */,
			);
			runOnlyForDeploymentPostprocessing = 0;
		};
		E4DB10271BFA3E1D001BF748 /* Sources */ = {
			isa = PBXSourcesBuildPhase;
			buildActionMask = 2147483647;
			files = (
				E4DB10301BFA3E1D001BF748 /* test22222Tests.m in Sources */,
			);
			runOnlyForDeploymentPostprocessing = 0;
		};
		E4DB10321BFA3E1D001BF748 /* Sources */ = {
			isa = PBXSourcesBuildPhase;
			buildActionMask = 2147483647;
			files = (
				E4DB103B1BFA3E1D001BF748 /* test22222UITests.m in Sources */,
			);
			runOnlyForDeploymentPostprocessing = 0;
		};
/* End PBXSourcesBuildPhase section */

/* Begin PBXTargetDependency section */
		E4DB102D1BFA3E1D001BF748 /* PBXTargetDependency */ = {
			isa = PBXTargetDependency;
			target = E4DB10111BFA3E1D001BF748 /* test22222 */;
			targetProxy = E4DB102C1BFA3E1D001BF748 /* PBXContainerItemProxy */;
		};
		E4DB10381BFA3E1D001BF748 /* PBXTargetDependency */ = {
			isa = PBXTargetDependency;
			target = E4DB10111BFA3E1D001BF748 /* test22222 */;
			targetProxy = E4DB10371BFA3E1D001BF748 /* PBXContainerItemProxy */;
		};
/* End PBXTargetDependency section */

/* Begin PBXVariantGroup section */
		E4DB101E1BFA3E1D001BF748 /* Main.storyboard */ = {
			isa = PBXVariantGroup;
			children = (
				E4DB101F1BFA3E1D001BF748 /* Base */,
			);
			name = Main.storyboard;
			sourceTree = "<group>";
		};
		E4DB10231BFA3E1D001BF748 /* LaunchScreen.storyboard */ = {
			isa = PBXVariantGroup;
			children = (
				E4DB10241BFA3E1D001BF748 /* Base */,
			);
			name = LaunchScreen.storyboard;
			sourceTree = "<group>";
		};
/* End PBXVariantGroup section */

/* Begin XCBuildConfiguration section */
		E4DB103D1BFA3E1D001BF748 /* Debug */ = {
			isa = XCBuildConfiguration;
			buildSettings = {
				ALWAYS_SEARCH_USER_PATHS = NO;
				CLANG_CXX_LANGUAGE_STANDARD = "gnu++0x";
				CLANG_CXX_LIBRARY = "libc++";
				CLANG_ENABLE_MODULES = YES;
				CLANG_ENABLE_OBJC_ARC = YES;
				CLANG_WARN_BOOL_CONVERSION = YES;
				CLANG_WARN_CONSTANT_CONVERSION = YES;
				CLANG_WARN_DIRECT_OBJC_ISA_USAGE = YES_ERROR;
				CLANG_WARN_EMPTY_BODY = YES;
				CLANG_WARN_ENUM_CONVERSION = YES;
				CLANG_WARN_INT_CONVERSION = YES;
				CLANG_WARN_OBJC_ROOT_CLASS = YES_ERROR;
				CLANG_WARN_UNREACHABLE_CODE = YES;
				CLANG_WARN__DUPLICATE_METHOD_MATCH = YES;
				"CODE_SIGN_IDENTITY[sdk=iphoneos*]" = "iPhone Developer";
				COPY_PHASE_STRIP = NO;
				DEBUG_INFORMATION_FORMAT = dwarf;
				ENABLE_STRICT_OBJC_MSGSEND = YES;
				ENABLE_TESTABILITY = YES;
				GCC_C_LANGUAGE_STANDARD = gnu99;
				GCC_DYNAMIC_NO_PIC = NO;
				GCC_NO_COMMON_BLOCKS = YES;
				GCC_OPTIMIZATION_LEVEL = 0;
				GCC_PREPROCESSOR_DEFINITIONS = (
					"DEBUG=1",
					"$(inherited)",
				);
				GCC_WARN_64_TO_32_BIT_CONVERSION = YES;
				GCC_WARN_ABOUT_RETURN_TYPE = YES_ERROR;
				GCC_WARN_UNDECLARED_SELECTOR = YES;
				GCC_WARN_UNINITIALIZED_AUTOS = YES_AGGRESSIVE;
				GCC_WARN_UNUSED_FUNCTION = YES;
				GCC_WARN_UNUSED_VARIABLE = YES;
				IPHONEOS_DEPLOYMENT_TARGET = 9.1;
				MTL_ENABLE_DEBUG_INFO = YES;
				ONLY_ACTIVE_ARCH = YES;
				SDKROOT = iphoneos;
				TARGETED_DEVICE_FAMILY = "1,2";
			};
			name = Debug;
		};
		E4DB103E1BFA3E1D001BF748 /* Release */ = {
			isa = XCBuildConfiguration;
			buildSettings = {
				ALWAYS_SEARCH_USER_PATHS = NO;
				CLANG_CXX_LANGUAGE_STANDARD = "gnu++0x";
				CLANG_CXX_LIBRARY = "libc++";
				CLANG_ENABLE_MODULES = YES;
				CLANG_ENABLE_OBJC_ARC = YES;
				CLANG_WARN_BOOL_CONVERSION = YES;
				CLANG_WARN_CONSTANT_CONVERSION = YES;
				CLANG_WARN_DIRECT_OBJC_ISA_USAGE = YES_ERROR;
				CLANG_WARN_EMPTY_BODY = YES;
				CLANG_WARN_ENUM_CONVERSION = YES;
				CLANG_WARN_INT_CONVERSION = YES;
				CLANG_WARN_OBJC_ROOT_CLASS = YES_ERROR;
				CLANG_WARN_UNREACHABLE_CODE = YES;
				CLANG_WARN__DUPLICATE_METHOD_MATCH = YES;
				"CODE_SIGN_IDENTITY[sdk=iphoneos*]" = "iPhone Developer";
				COPY_PHASE_STRIP = NO;
				DEBUG_INFORMATION_FORMAT = "dwarf-with-dsym";
				ENABLE_NS_ASSERTIONS = NO;
				ENABLE_STRICT_OBJC_MSGSEND = YES;
				GCC_C_LANGUAGE_STANDARD = gnu99;
				GCC_NO_COMMON_BLOCKS = YES;
				GCC_WARN_64_TO_32_BIT_CONVERSION = YES;
				GCC_WARN_ABOUT_RETURN_TYPE = YES_ERROR;
				GCC_WARN_UNDECLARED_SELECTOR = YES;
				GCC_WARN_UNINITIALIZED_AUTOS = YES_AGGRESSIVE;
				GCC_WARN_UNUSED_FUNCTION = YES;
				GCC_WARN_UNUSED_VARIABLE = YES;
				IPHONEOS_DEPLOYMENT_TARGET = 9.1;
				MTL_ENABLE_DEBUG_INFO = NO;
				SDKROOT = iphoneos;
				TARGETED_DEVICE_FAMILY = "1,2";
				VALIDATE_PRODUCT = YES;
			};
			name = Release;
		};
		E4DB10401BFA3E1D001BF748 /* Debug */ = {
			isa = XCBuildConfiguration;
			buildSettings = {
				ASSETCATALOG_COMPILER_APPICON_NAME = AppIcon;
				INFOPLIST_FILE = test22222/Info.plist;
				LD_RUNPATH_SEARCH_PATHS = "$(inherited) @executable_path/Frameworks";
				PRODUCT_BUNDLE_IDENTIFIER = "-323.test22222";
				PRODUCT_NAME = "$(TARGET_NAME)";
			};
			name = Debug;
		};
		E4DB10411BFA3E1D001BF748 /* Release */ = {
			isa = XCBuildConfiguration;
			buildSettings = {
				ASSETCATALOG_COMPILER_APPICON_NAME = AppIcon;
				INFOPLIST_FILE = test22222/Info.plist;
				LD_RUNPATH_SEARCH_PATHS = "$(inherited) @executable_path/Frameworks";
				PRODUCT_BUNDLE_IDENTIFIER = "-323.test22222";
				PRODUCT_NAME = "$(TARGET_NAME)";
			};
			name = Release;
		};
		E4DB10431BFA3E1D001BF748 /* Debug */ = {
			isa = XCBuildConfiguration;
			buildSettings = {
				BUNDLE_LOADER = "$(TEST_HOST)";
				INFOPLIST_FILE = test22222Tests/Info.plist;
				LD_RUNPATH_SEARCH_PATHS = "$(inherited) @executable_path/Frameworks @loader_path/Frameworks";
				PRODUCT_BUNDLE_IDENTIFIER = "-323.test22222Tests";
				PRODUCT_NAME = "$(TARGET_NAME)";
				TEST_HOST = "$(BUILT_PRODUCTS_DIR)/test22222.app/test22222";
			};
			name = Debug;
		};
		E4DB10441BFA3E1D001BF748 /* Release */ = {
			isa = XCBuildConfiguration;
			buildSettings = {
				BUNDLE_LOADER = "$(TEST_HOST)";
				INFOPLIST_FILE = test22222Tests/Info.plist;
				LD_RUNPATH_SEARCH_PATHS = "$(inherited) @executable_path/Frameworks @loader_path/Frameworks";
				PRODUCT_BUNDLE_IDENTIFIER = "-323.test22222Tests";
				PRODUCT_NAME = "$(TARGET_NAME)";
				TEST_HOST = "$(BUILT_PRODUCTS_DIR)/test22222.app/test22222";
			};
			name = Release;
		};
		E4DB10461BFA3E1D001BF748 /* Debug */ = {
			isa = XCBuildConfiguration;
			buildSettings = {
				INFOPLIST_FILE = test22222UITests/Info.plist;
				LD_RUNPATH_SEARCH_PATHS = "$(inherited) @executable_path/Frameworks @loader_path/Frameworks";
				PRODUCT_BUNDLE_IDENTIFIER = "-323.test22222UITests";
				PRODUCT_NAME = "$(TARGET_NAME)";
				TEST_TARGET_NAME = test22222;
				USES_XCTRUNNER = YES;
			};
			name = Debug;
		};
		E4DB10471BFA3E1D001BF748 /* Release */ = {
			isa = XCBuildConfiguration;
			buildSettings = {
				INFOPLIST_FILE = test22222UITests/Info.plist;
				LD_RUNPATH_SEARCH_PATHS = "$(inherited) @executable_path/Frameworks @loader_path/Frameworks";
				PRODUCT_BUNDLE_IDENTIFIER = "-323.test22222UITests";
				PRODUCT_NAME = "$(TARGET_NAME)";
				TEST_TARGET_NAME = test22222;
				USES_XCTRUNNER = YES;
			};
			name = Release;
		};
/* End XCBuildConfiguration section */

/* Begin XCConfigurationList section */
		E4DB100D1BFA3E1D001BF748 /* Build configuration list for PBXProject "test22222" */ = {
			isa = XCConfigurationList;
			buildConfigurations = (
				E4DB103D1BFA3E1D001BF748 /* Debug */,
				E4DB103E1BFA3E1D001BF748 /* Release */,
			);
			defaultConfigurationIsVisible = 0;
			defaultConfigurationName = Release;
		};
		E4DB103F1BFA3E1D001BF748 /* Build configuration list for PBXNativeTarget "test22222" */ = {
			isa = XCConfigurationList;
			buildConfigurations = (
				E4DB10401BFA3E1D001BF748 /* Debug */,
				E4DB10411BFA3E1D001BF748 /* Release */,
			);
			defaultConfigurationIsVisible = 0;
		};
		E4DB10421BFA3E1D001BF748 /* Build configuration list for PBXNativeTarget "test22222Tests" */ = {
			isa = XCConfigurationList;
			buildConfigurations = (
				E4DB10431BFA3E1D001BF748 /* Debug */,
				E4DB10441BFA3E1D001BF748 /* Release */,
			);
			defaultConfigurationIsVisible = 0;
		};
		E4DB10451BFA3E1D001BF748 /* Build configuration list for PBXNativeTarget "test22222UITests" */ = {
			isa = XCConfigurationList;
			buildConfigurations = (
				E4DB10461BFA3E1D001BF748 /* Debug */,
				E4DB10471BFA3E1D001BF748 /* Release */,
			);
			defaultConfigurationIsVisible = 0;
		};
/* End XCConfigurationList section */
	};
	rootObject = E4DB100A1BFA3E1D001BF748 /* Project object */;
}
